# This file is automatically @generated by Cargo.
# It is not intended for manual editing.
version = 3

[[package]]
name = "challenge01-22"
version = "0.1.0"

[[package]]
name = "challenge01-23"
version = "0.1.0"

[[package]]
name = "challenge02-22"
version = "0.1.0"

[[package]]
name = "challenge02-23"
version = "0.1.0"

[[package]]
name = "challenge03-22"
version = "0.1.0"

[[package]]
name = "challenge03-23"
version = "0.1.0"

[[package]]
name = "challenge04-22"
version = "0.1.0"

[[package]]
name = "challenge05-22"
version = "0.1.0"
